
Microsoft Visual Studio Solution File, Format Version 12.00
# Visual Studio 15
VisualStudioVersion = 15.0.27428.2027
MinimumVisualStudioVersion = 10.0.40219.1
Project("{8BC9CEB8-8B4A-11D0-8D11-00A0C91BC942}") = "sequence_stack", "sequence_stack\sequence_stack.vcxproj", "{CCCECA30-2DEE-4F9A-9F3B-F699F5262F68}"
EndProject
Global
	GlobalSection(SolutionConfigurationPlatforms) = preSolution
		Debug|x64 = Debug|x64
		Debug|x86 = Debug|x86
		Release|x64 = Release|x64
		Release|x86 = Release|x86
	EndGlobalSection
	GlobalSection(ProjectConfigurationPlatforms) = postSolution
		{CCCECA30-2DEE-4F9A-9F3B-F699F5262F68}.Debug|x64.ActiveCfg = Debug|x64
		{CCCECA30-2DEE-4F9A-9F3B-F699F5262F68}.Debug|x64.Build.0 = Debug|x64
		{CCCECA30-2DEE-4F9A-9F3B-F699F5262F68}.Debug|x86.ActiveCfg = Debug|Win32
		{CCCECA30-2DEE-4F9A-9F3B-F699F5262F68}.Debug|x86.Build.0 = Debug|Win32
		{CCCECA30-2DEE-4F9A-9F3B-F699F5262F68}.Release|x64.ActiveCfg = Release|x64
		{CCCECA30-2DEE-4F9A-9F3B-F699F5262F68}.Release|x64.Build.0 = Release|x64
		{CCCECA30-2DEE-4F9A-9F3B-F699F5262F68}.Release|x86.ActiveCfg = Release|Win32
		{CCCECA30-2DEE-4F9A-9F3B-F699F5262F68}.Release|x86.Build.0 = Release|Win32
	EndGlobalSection
	GlobalSection(SolutionProperties) = preSolution
		HideSolutionNode = FALSE
	EndGlobalSection
	GlobalSection(ExtensibilityGlobals) = postSolution
		SolutionGuid = {893B118F-1851-45C0-9184-D995484B42FB}
	EndGlobalSection
EndGlobal
